
Microsoft Visual Studio Solution File, Format Version 12.00
# Visual Studio Version 17
VisualStudioVersion = 17.5.002.0
MinimumVisualStudioVersion = 10.0.40219.1
Project("{9A19103F-16F7-4668-BE54-9A1E7A4F7556}") = "ejercicios", "ejercicios.csproj", "{3F7AFE12-B010-4F94-8819-CF4AEC2B2DBC}"
EndProject
Project("{9A19103F-16F7-4668-BE54-9A1E7A4F7556}") = "ejercicio01", "ejercicio01\ejercicio01.csproj", "{A08D5442-1729-4867-AAA7-023160EC2CA1}"
EndProject
Project("{9A19103F-16F7-4668-BE54-9A1E7A4F7556}") = "ejercicio01apendice", "ejercicio01apendice\ejercicio01apendice.csproj", "{5FDEB265-9DBF-48CB-A234-C41EED95E8EE}"
EndProject
Project("{9A19103F-16F7-4668-BE54-9A1E7A4F7556}") = "ejercicio02", "ejercicio02\ejercicio02.csproj", "{03D42A6F-8AD6-4BBB-B14A-76F940B79AC0}"
EndProject
Project("{9A19103F-16F7-4668-BE54-9A1E7A4F7556}") = "ejercicio03", "ejercicio03\ejercicio03.csproj", "{F06346BE-7D81-4380-8AAC-8A1CBABB5915}"
EndProject
Project("{9A19103F-16F7-4668-BE54-9A1E7A4F7556}") = "ejercicio04", "ejercicio04\ejercicio04.csproj", "{C6925036-C402-4664-9772-9C176E526185}"
EndProject
Project("{9A19103F-16F7-4668-BE54-9A1E7A4F7556}") = "ejercicio05", "ejercicio05\ejercicio05.csproj", "{B49BCE57-F348-46B7-8356-4A7025BCAA2F}"
EndProject
Global
	GlobalSection(SolutionConfigurationPlatforms) = preSolution
		Debug|Any CPU = Debug|Any CPU
		Release|Any CPU = Release|Any CPU
	EndGlobalSection
	GlobalSection(ProjectConfigurationPlatforms) = postSolution
		{3F7AFE12-B010-4F94-8819-CF4AEC2B2DBC}.Debug|Any CPU.ActiveCfg = Debug|Any CPU
		{3F7AFE12-B010-4F94-8819-CF4AEC2B2DBC}.Debug|Any CPU.Build.0 = Debug|Any CPU
		{3F7AFE12-B010-4F94-8819-CF4AEC2B2DBC}.Release|Any CPU.ActiveCfg = Release|Any CPU
		{3F7AFE12-B010-4F94-8819-CF4AEC2B2DBC}.Release|Any CPU.Build.0 = Release|Any CPU
		{A08D5442-1729-4867-AAA7-023160EC2CA1}.Debug|Any CPU.ActiveCfg = Debug|Any CPU
		{A08D5442-1729-4867-AAA7-023160EC2CA1}.Debug|Any CPU.Build.0 = Debug|Any CPU
		{A08D5442-1729-4867-AAA7-023160EC2CA1}.Release|Any CPU.ActiveCfg = Release|Any CPU
		{A08D5442-1729-4867-AAA7-023160EC2CA1}.Release|Any CPU.Build.0 = Release|Any CPU
		{5FDEB265-9DBF-48CB-A234-C41EED95E8EE}.Debug|Any CPU.ActiveCfg = Debug|Any CPU
		{5FDEB265-9DBF-48CB-A234-C41EED95E8EE}.Debug|Any CPU.Build.0 = Debug|Any CPU
		{5FDEB265-9DBF-48CB-A234-C41EED95E8EE}.Release|Any CPU.ActiveCfg = Release|Any CPU
		{5FDEB265-9DBF-48CB-A234-C41EED95E8EE}.Release|Any CPU.Build.0 = Release|Any CPU
		{03D42A6F-8AD6-4BBB-B14A-76F940B79AC0}.Debug|Any CPU.ActiveCfg = Debug|Any CPU
		{03D42A6F-8AD6-4BBB-B14A-76F940B79AC0}.Debug|Any CPU.Build.0 = Debug|Any CPU
		{03D42A6F-8AD6-4BBB-B14A-76F940B79AC0}.Release|Any CPU.ActiveCfg = Release|Any CPU
		{03D42A6F-8AD6-4BBB-B14A-76F940B79AC0}.Release|Any CPU.Build.0 = Release|Any CPU
		{F06346BE-7D81-4380-8AAC-8A1CBABB5915}.Debug|Any CPU.ActiveCfg = Debug|Any CPU
		{F06346BE-7D81-4380-8AAC-8A1CBABB5915}.Debug|Any CPU.Build.0 = Debug|Any CPU
		{F06346BE-7D81-4380-8AAC-8A1CBABB5915}.Release|Any CPU.ActiveCfg = Release|Any CPU
		{F06346BE-7D81-4380-8AAC-8A1CBABB5915}.Release|Any CPU.Build.0 = Release|Any CPU
		{C6925036-C402-4664-9772-9C176E526185}.Debug|Any CPU.ActiveCfg = Debug|Any CPU
		{C6925036-C402-4664-9772-9C176E526185}.Debug|Any CPU.Build.0 = Debug|Any CPU
		{C6925036-C402-4664-9772-9C176E526185}.Release|Any CPU.ActiveCfg = Release|Any CPU
		{C6925036-C402-4664-9772-9C176E526185}.Release|Any CPU.Build.0 = Release|Any CPU
		{B49BCE57-F348-46B7-8356-4A7025BCAA2F}.Debug|Any CPU.ActiveCfg = Debug|Any CPU
		{B49BCE57-F348-46B7-8356-4A7025BCAA2F}.Debug|Any CPU.Build.0 = Debug|Any CPU
		{B49BCE57-F348-46B7-8356-4A7025BCAA2F}.Release|Any CPU.ActiveCfg = Release|Any CPU
		{B49BCE57-F348-46B7-8356-4A7025BCAA2F}.Release|Any CPU.Build.0 = Release|Any CPU
	EndGlobalSection
	GlobalSection(SolutionProperties) = preSolution
		HideSolutionNode = FALSE
	EndGlobalSection
	GlobalSection(ExtensibilityGlobals) = postSolution
		SolutionGuid = {7B104541-3754-4B3E-A19E-8E379971D263}
	EndGlobalSection
EndGlobal
